
Microsoft Visual Studio Solution File, Format Version 12.00
# Visual Studio Version 16
VisualStudioVersion = 16.0.29613.14
MinimumVisualStudioVersion = 10.0.40219.1
Project("{2150E333-8FDC-42A3-9474-1A3956D46DE8}") = "vm", "vm", "{F0246C6D-B5DE-4681-9F98-AA8737F7E3AB}"
EndProject
Project("{9A19103F-16F7-4668-BE54-9A1E7A4F7556}") = "bhp-vm", "bhp-vm\src\bhp-vm\bhp-vm.csproj", "{6EE17BF8-3E48-4B89-8742-857F72D9FE49}"
EndProject
Project("{9A19103F-16F7-4668-BE54-9A1E7A4F7556}") = "bhp-vm.UnitTests", "bhp-vm\src\bhp-vm.UnitTests\bhp-vm.UnitTests.csproj", "{D74A9DF1-62FD-4901-A318-3EABEDDCCCD2}"
EndProject
Project("{2150E333-8FDC-42A3-9474-1A3956D46DE8}") = "compiler", "compiler", "{44DDA45D-0712-4E34-926E-828ABA3A8CE4}"
EndProject
Project("{9A19103F-16F7-4668-BE54-9A1E7A4F7556}") = "bhpa", "bhp-compiler\bhpa\bhpa.csproj", "{02364553-0552-4D90-B84E-BDC948A3957E}"
EndProject
Project("{9A19103F-16F7-4668-BE54-9A1E7A4F7556}") = "bhpj", "bhp-compiler\bhpj\bhpj.csproj", "{3DA26C00-E582-4CF3-A752-4397AD52398B}"
EndProject
Project("{9A19103F-16F7-4668-BE54-9A1E7A4F7556}") = "bhpn", "bhp-compiler\bhpn\bhpn.csproj", "{E995917C-E412-4A66-952D-B3EF1BC6F928}"
EndProject
Project("{2150E333-8FDC-42A3-9474-1A3956D46DE8}") = "smartcontract", "smartcontract", "{5BB0B62D-694B-4BF8-9D61-5A2B6E3C8CDE}"
EndProject
Project("{FAE04EC0-301F-11D3-BF4B-00C04F79EFBC}") = "Bhp.ConvertTask", "bhp-devpack-dotnet\Bhp.ConvertTask\Bhp.ConvertTask.csproj", "{A8F6D13B-6D12-46BB-A336-1F54FA64F4A1}"
EndProject
Project("{9A19103F-16F7-4668-BE54-9A1E7A4F7556}") = "Bhp.SmartContract.Framework", "bhp-devpack-dotnet\Bhp.SmartContract.Framework\Bhp.SmartContract.Framework.csproj", "{A34137B8-2428-4475-B412-ADDF1827863A}"
EndProject
Project("{FAE04EC0-301F-11D3-BF4B-00C04F79EFBC}") = "Installer", "bhp-devpack-dotnet\Installer\Installer.csproj", "{EDE374C3-2600-460C-B852-8AA3956988BB}"
EndProject
Project("{FAE04EC0-301F-11D3-BF4B-00C04F79EFBC}") = "Template.CSharp", "bhp-devpack-dotnet\Template.CSharp\Template.CSharp.csproj", "{6F0591A9-B218-49BB-B666-CE6D1FA8F990}"
EndProject
Project("{2150E333-8FDC-42A3-9474-1A3956D46DE8}") = "bhp", "bhp", "{DD9B55CB-14B1-4BE8-956C-03B9795C1BC3}"
EndProject
Project("{9A19103F-16F7-4668-BE54-9A1E7A4F7556}") = "bhp.UnitTests", "bhp\bhp.UnitTests\bhp.UnitTests.csproj", "{0AB03E79-7A47-44EF-92A3-AD720151A225}"
EndProject
Project("{2150E333-8FDC-42A3-9474-1A3956D46DE8}") = "plugins", "plugins", "{0603E67D-9487-488C-AE85-B5B6B98DBF14}"
EndProject
Project("{9A19103F-16F7-4668-BE54-9A1E7A4F7556}") = "ApplicationLogs", "bhp-plugins\ApplicationLogs\ApplicationLogs.csproj", "{5EB0BAB3-986B-421F-B60F-FAD4177BA378}"
EndProject
Project("{9A19103F-16F7-4668-BE54-9A1E7A4F7556}") = "ImportBlocks", "bhp-plugins\ImportBlocks\ImportBlocks.csproj", "{855A1FA3-A528-4F21-BD75-09BEBACBA445}"
EndProject
Project("{9A19103F-16F7-4668-BE54-9A1E7A4F7556}") = "RpcSecurity", "bhp-plugins\RpcSecurity\RpcSecurity.csproj", "{E9386BC9-B03C-417F-8929-C64F3787D0EF}"
EndProject
Project("{9A19103F-16F7-4668-BE54-9A1E7A4F7556}") = "SimplePolicy", "bhp-plugins\SimplePolicy\SimplePolicy.csproj", "{6477C33E-EB78-455E-8FAB-5C02BDEE0D88}"
EndProject
Project("{9A19103F-16F7-4668-BE54-9A1E7A4F7556}") = "SimplePolicy.UnitTests", "bhp-plugins\SimplePolicy.UnitTests\SimplePolicy.UnitTests.csproj", "{4B507988-1D19-4FF2-B957-7B680878383D}"
EndProject
Project("{9A19103F-16F7-4668-BE54-9A1E7A4F7556}") = "StatesDumper", "bhp-plugins\StatesDumper\StatesDumper.csproj", "{8F6E8A65-8EEE-44DB-A8CA-674F75C35B6C}"
EndProject
Project("{9A19103F-16F7-4668-BE54-9A1E7A4F7556}") = "bhp-cli", "bhp-cli\bhp-cli\bhp-cli.csproj", "{17746614-9697-4381-9E37-E8A6DE83B72A}"
EndProject
Project("{FAE04EC0-301F-11D3-BF4B-00C04F79EFBC}") = "bhp-gui", "bhp-gui\bhp-gui.csproj", "{CFC243F0-F4E3-4754-8E21-8BA17E1C1788}"
EndProject
Project("{9A19103F-16F7-4668-BE54-9A1E7A4F7556}") = "bhp-demo", "bhp\BhpDemo\bhp-demo.csproj", "{AFFE596C-7AD1-4C30-A878-66BC85575417}"
EndProject
Project("{2150E333-8FDC-42A3-9474-1A3956D46DE8}") = "smartcontractapp", "smartcontractapp", "{C540F9EE-9702-40AC-8374-3F22EC644255}"
EndProject
Project("{FAE04EC0-301F-11D3-BF4B-00C04F79EFBC}") = "LockContract", "smartcontractapp\LockContract\LockContract.csproj", "{3158E63D-CB69-4237-B63C-C57F0FBF32AE}"
EndProject
Project("{FAE04EC0-301F-11D3-BF4B-00C04F79EFBC}") = "LockUTXOContract", "smartcontractapp\LockUTXOContract\LockUTXOContract.csproj", "{787B6F68-53EA-432A-8775-C60458BFA69C}"
EndProject
Project("{FAE04EC0-301F-11D3-BF4B-00C04F79EFBC}") = "DestroyAccount", "smartcontractapp\DestroyAccount\DestroyAccount.csproj", "{81BA6D68-C1CB-4669-84C8-7892BE640C4B}"
EndProject
Project("{FAE04EC0-301F-11D3-BF4B-00C04F79EFBC}") = "StorageContract", "smartcontractapp\StorageContract\StorageContract.csproj", "{43E38734-2069-4A7D-AB06-08A48BC517D8}"
EndProject
Project("{FAE04EC0-301F-11D3-BF4B-00C04F79EFBC}") = "AppCallContract", "smartcontractapp\AppCallContract\AppCallContract.csproj", "{955593D3-A3E3-4081-866E-E1020B48886D}"
EndProject
Project("{FAE04EC0-301F-11D3-BF4B-00C04F79EFBC}") = "BRC20Contract", "smartcontractapp\BRC20Contract\BRC20Contract.csproj", "{6C609B15-BF0F-456A-B846-C11285A68017}"
EndProject
Project("{9A19103F-16F7-4668-BE54-9A1E7A4F7556}") = "bhp", "bhp\bhp\bhp.csproj", "{0B8491E1-F126-4229-AD95-0CB492330104}"
EndProject
Project("{9A19103F-16F7-4668-BE54-9A1E7A4F7556}") = "RpcBrc20Tracker", "bhp-plugins\RpcBrc20Tracker\RpcBrc20Tracker.csproj", "{AC79E21E-A16A-4DA2-A1BF-35527B035CAC}"
EndProject
Project("{FAE04EC0-301F-11D3-BF4B-00C04F79EFBC}") = "MigrateContract", "smartcontractapp\MigrateContract\MigrateContract.csproj", "{102B4F32-F25C-48BC-8658-75EFA049C733}"
EndProject
Project("{FAE04EC0-301F-11D3-BF4B-00C04F79EFBC}") = "BHPNFT", "smartcontractapp\BHPNFT\BHPNFT.csproj", "{A1C74A6C-F917-4B4F-9566-6B99AAF0F297}"
EndProject
Project("{FAE04EC0-301F-11D3-BF4B-00C04F79EFBC}") = "RUSDContract", "smartcontractapp\RUSDContract\RUSDContract.csproj", "{15B088F1-A506-44FE-AFAB-39CA9823CB80}"
EndProject
Global
	GlobalSection(SolutionConfigurationPlatforms) = preSolution
		Debug|Any CPU = Debug|Any CPU
		Release|Any CPU = Release|Any CPU
	EndGlobalSection
	GlobalSection(ProjectConfigurationPlatforms) = postSolution
		{6EE17BF8-3E48-4B89-8742-857F72D9FE49}.Debug|Any CPU.ActiveCfg = Debug|Any CPU
		{6EE17BF8-3E48-4B89-8742-857F72D9FE49}.Debug|Any CPU.Build.0 = Debug|Any CPU
		{6EE17BF8-3E48-4B89-8742-857F72D9FE49}.Release|Any CPU.ActiveCfg = Release|Any CPU
		{6EE17BF8-3E48-4B89-8742-857F72D9FE49}.Release|Any CPU.Build.0 = Release|Any CPU
		{D74A9DF1-62FD-4901-A318-3EABEDDCCCD2}.Debug|Any CPU.ActiveCfg = Debug|Any CPU
		{D74A9DF1-62FD-4901-A318-3EABEDDCCCD2}.Debug|Any CPU.Build.0 = Debug|Any CPU
		{D74A9DF1-62FD-4901-A318-3EABEDDCCCD2}.Release|Any CPU.ActiveCfg = Release|Any CPU
		{D74A9DF1-62FD-4901-A318-3EABEDDCCCD2}.Release|Any CPU.Build.0 = Release|Any CPU
		{02364553-0552-4D90-B84E-BDC948A3957E}.Debug|Any CPU.ActiveCfg = Debug|Any CPU
		{02364553-0552-4D90-B84E-BDC948A3957E}.Debug|Any CPU.Build.0 = Debug|Any CPU
		{02364553-0552-4D90-B84E-BDC948A3957E}.Release|Any CPU.ActiveCfg = Release|Any CPU
		{02364553-0552-4D90-B84E-BDC948A3957E}.Release|Any CPU.Build.0 = Release|Any CPU
		{3DA26C00-E582-4CF3-A752-4397AD52398B}.Debug|Any CPU.ActiveCfg = Debug|Any CPU
		{3DA26C00-E582-4CF3-A752-4397AD52398B}.Debug|Any CPU.Build.0 = Debug|Any CPU
		{3DA26C00-E582-4CF3-A752-4397AD52398B}.Release|Any CPU.ActiveCfg = Release|Any CPU
		{3DA26C00-E582-4CF3-A752-4397AD52398B}.Release|Any CPU.Build.0 = Release|Any CPU
		{E995917C-E412-4A66-952D-B3EF1BC6F928}.Debug|Any CPU.ActiveCfg = Debug|Any CPU
		{E995917C-E412-4A66-952D-B3EF1BC6F928}.Debug|Any CPU.Build.0 = Debug|Any CPU
		{E995917C-E412-4A66-952D-B3EF1BC6F928}.Release|Any CPU.ActiveCfg = Release|Any CPU
		{E995917C-E412-4A66-952D-B3EF1BC6F928}.Release|Any CPU.Build.0 = Release|Any CPU
		{A8F6D13B-6D12-46BB-A336-1F54FA64F4A1}.Debug|Any CPU.ActiveCfg = Debug|Any CPU
		{A8F6D13B-6D12-46BB-A336-1F54FA64F4A1}.Debug|Any CPU.Build.0 = Debug|Any CPU
		{A8F6D13B-6D12-46BB-A336-1F54FA64F4A1}.Release|Any CPU.ActiveCfg = Release|Any CPU
		{A8F6D13B-6D12-46BB-A336-1F54FA64F4A1}.Release|Any CPU.Build.0 = Release|Any CPU
		{A34137B8-2428-4475-B412-ADDF1827863A}.Debug|Any CPU.ActiveCfg = Debug|Any CPU
		{A34137B8-2428-4475-B412-ADDF1827863A}.Debug|Any CPU.Build.0 = Debug|Any CPU
		{A34137B8-2428-4475-B412-ADDF1827863A}.Release|Any CPU.ActiveCfg = Release|Any CPU
		{A34137B8-2428-4475-B412-ADDF1827863A}.Release|Any CPU.Build.0 = Release|Any CPU
		{EDE374C3-2600-460C-B852-8AA3956988BB}.Debug|Any CPU.ActiveCfg = Debug|Any CPU
		{EDE374C3-2600-460C-B852-8AA3956988BB}.Debug|Any CPU.Build.0 = Debug|Any CPU
		{EDE374C3-2600-460C-B852-8AA3956988BB}.Release|Any CPU.ActiveCfg = Release|Any CPU
		{EDE374C3-2600-460C-B852-8AA3956988BB}.Release|Any CPU.Build.0 = Release|Any CPU
		{6F0591A9-B218-49BB-B666-CE6D1FA8F990}.Debug|Any CPU.ActiveCfg = Debug|Any CPU
		{6F0591A9-B218-49BB-B666-CE6D1FA8F990}.Debug|Any CPU.Build.0 = Debug|Any CPU
		{6F0591A9-B218-49BB-B666-CE6D1FA8F990}.Release|Any CPU.ActiveCfg = Release|Any CPU
		{6F0591A9-B218-49BB-B666-CE6D1FA8F990}.Release|Any CPU.Build.0 = Release|Any CPU
		{0AB03E79-7A47-44EF-92A3-AD720151A225}.Debug|Any CPU.ActiveCfg = Debug|Any CPU
		{0AB03E79-7A47-44EF-92A3-AD720151A225}.Debug|Any CPU.Build.0 = Debug|Any CPU
		{0AB03E79-7A47-44EF-92A3-AD720151A225}.Release|Any CPU.ActiveCfg = Release|Any CPU
		{0AB03E79-7A47-44EF-92A3-AD720151A225}.Release|Any CPU.Build.0 = Release|Any CPU
		{5EB0BAB3-986B-421F-B60F-FAD4177BA378}.Debug|Any CPU.ActiveCfg = Debug|Any CPU
		{5EB0BAB3-986B-421F-B60F-FAD4177BA378}.Debug|Any CPU.Build.0 = Debug|Any CPU
		{5EB0BAB3-986B-421F-B60F-FAD4177BA378}.Release|Any CPU.ActiveCfg = Release|Any CPU
		{5EB0BAB3-986B-421F-B60F-FAD4177BA378}.Release|Any CPU.Build.0 = Release|Any CPU
		{855A1FA3-A528-4F21-BD75-09BEBACBA445}.Debug|Any CPU.ActiveCfg = Debug|Any CPU
		{855A1FA3-A528-4F21-BD75-09BEBACBA445}.Debug|Any CPU.Build.0 = Debug|Any CPU
		{855A1FA3-A528-4F21-BD75-09BEBACBA445}.Release|Any CPU.ActiveCfg = Release|Any CPU
		{855A1FA3-A528-4F21-BD75-09BEBACBA445}.Release|Any CPU.Build.0 = Release|Any CPU
		{E9386BC9-B03C-417F-8929-C64F3787D0EF}.Debug|Any CPU.ActiveCfg = Debug|Any CPU
		{E9386BC9-B03C-417F-8929-C64F3787D0EF}.Debug|Any CPU.Build.0 = Debug|Any CPU
		{E9386BC9-B03C-417F-8929-C64F3787D0EF}.Release|Any CPU.ActiveCfg = Release|Any CPU
		{E9386BC9-B03C-417F-8929-C64F3787D0EF}.Release|Any CPU.Build.0 = Release|Any CPU
		{6477C33E-EB78-455E-8FAB-5C02BDEE0D88}.Debug|Any CPU.ActiveCfg = Debug|Any CPU
		{6477C33E-EB78-455E-8FAB-5C02BDEE0D88}.Debug|Any CPU.Build.0 = Debug|Any CPU
		{6477C33E-EB78-455E-8FAB-5C02BDEE0D88}.Release|Any CPU.ActiveCfg = Release|Any CPU
		{6477C33E-EB78-455E-8FAB-5C02BDEE0D88}.Release|Any CPU.Build.0 = Release|Any CPU
		{4B507988-1D19-4FF2-B957-7B680878383D}.Debug|Any CPU.ActiveCfg = Debug|Any CPU
		{4B507988-1D19-4FF2-B957-7B680878383D}.Debug|Any CPU.Build.0 = Debug|Any CPU
		{4B507988-1D19-4FF2-B957-7B680878383D}.Release|Any CPU.ActiveCfg = Release|Any CPU
		{4B507988-1D19-4FF2-B957-7B680878383D}.Release|Any CPU.Build.0 = Release|Any CPU
		{8F6E8A65-8EEE-44DB-A8CA-674F75C35B6C}.Debug|Any CPU.ActiveCfg = Debug|Any CPU
		{8F6E8A65-8EEE-44DB-A8CA-674F75C35B6C}.Debug|Any CPU.Build.0 = Debug|Any CPU
		{8F6E8A65-8EEE-44DB-A8CA-674F75C35B6C}.Release|Any CPU.ActiveCfg = Release|Any CPU
		{8F6E8A65-8EEE-44DB-A8CA-674F75C35B6C}.Release|Any CPU.Build.0 = Release|Any CPU
		{17746614-9697-4381-9E37-E8A6DE83B72A}.Debug|Any CPU.ActiveCfg = Debug|Any CPU
		{17746614-9697-4381-9E37-E8A6DE83B72A}.Debug|Any CPU.Build.0 = Debug|Any CPU
		{17746614-9697-4381-9E37-E8A6DE83B72A}.Release|Any CPU.ActiveCfg = Release|Any CPU
		{17746614-9697-4381-9E37-E8A6DE83B72A}.Release|Any CPU.Build.0 = Release|Any CPU
		{CFC243F0-F4E3-4754-8E21-8BA17E1C1788}.Debug|Any CPU.ActiveCfg = Debug|Any CPU
		{CFC243F0-F4E3-4754-8E21-8BA17E1C1788}.Debug|Any CPU.Build.0 = Debug|Any CPU
		{CFC243F0-F4E3-4754-8E21-8BA17E1C1788}.Release|Any CPU.ActiveCfg = Release|Any CPU
		{CFC243F0-F4E3-4754-8E21-8BA17E1C1788}.Release|Any CPU.Build.0 = Release|Any CPU
		{AFFE596C-7AD1-4C30-A878-66BC85575417}.Debug|Any CPU.ActiveCfg = Debug|Any CPU
		{AFFE596C-7AD1-4C30-A878-66BC85575417}.Debug|Any CPU.Build.0 = Debug|Any CPU
		{AFFE596C-7AD1-4C30-A878-66BC85575417}.Release|Any CPU.ActiveCfg = Release|Any CPU
		{AFFE596C-7AD1-4C30-A878-66BC85575417}.Release|Any CPU.Build.0 = Release|Any CPU
		{3158E63D-CB69-4237-B63C-C57F0FBF32AE}.Debug|Any CPU.ActiveCfg = Debug|Any CPU
		{3158E63D-CB69-4237-B63C-C57F0FBF32AE}.Debug|Any CPU.Build.0 = Debug|Any CPU
		{3158E63D-CB69-4237-B63C-C57F0FBF32AE}.Release|Any CPU.ActiveCfg = Release|Any CPU
		{3158E63D-CB69-4237-B63C-C57F0FBF32AE}.Release|Any CPU.Build.0 = Release|Any CPU
		{787B6F68-53EA-432A-8775-C60458BFA69C}.Debug|Any CPU.ActiveCfg = Debug|Any CPU
		{787B6F68-53EA-432A-8775-C60458BFA69C}.Debug|Any CPU.Build.0 = Debug|Any CPU
		{787B6F68-53EA-432A-8775-C60458BFA69C}.Release|Any CPU.ActiveCfg = Release|Any CPU
		{787B6F68-53EA-432A-8775-C60458BFA69C}.Release|Any CPU.Build.0 = Release|Any CPU
		{81BA6D68-C1CB-4669-84C8-7892BE640C4B}.Debug|Any CPU.ActiveCfg = Debug|Any CPU
		{81BA6D68-C1CB-4669-84C8-7892BE640C4B}.Debug|Any CPU.Build.0 = Debug|Any CPU
		{81BA6D68-C1CB-4669-84C8-7892BE640C4B}.Release|Any CPU.ActiveCfg = Release|Any CPU
		{81BA6D68-C1CB-4669-84C8-7892BE640C4B}.Release|Any CPU.Build.0 = Release|Any CPU
		{43E38734-2069-4A7D-AB06-08A48BC517D8}.Debug|Any CPU.ActiveCfg = Debug|Any CPU
		{43E38734-2069-4A7D-AB06-08A48BC517D8}.Debug|Any CPU.Build.0 = Debug|Any CPU
		{43E38734-2069-4A7D-AB06-08A48BC517D8}.Release|Any CPU.ActiveCfg = Release|Any CPU
		{43E38734-2069-4A7D-AB06-08A48BC517D8}.Release|Any CPU.Build.0 = Release|Any CPU
		{955593D3-A3E3-4081-866E-E1020B48886D}.Debug|Any CPU.ActiveCfg = Debug|Any CPU
		{955593D3-A3E3-4081-866E-E1020B48886D}.Debug|Any CPU.Build.0 = Debug|Any CPU
		{955593D3-A3E3-4081-866E-E1020B48886D}.Release|Any CPU.ActiveCfg = Release|Any CPU
		{955593D3-A3E3-4081-866E-E1020B48886D}.Release|Any CPU.Build.0 = Release|Any CPU
		{6C609B15-BF0F-456A-B846-C11285A68017}.Debug|Any CPU.ActiveCfg = Debug|Any CPU
		{6C609B15-BF0F-456A-B846-C11285A68017}.Debug|Any CPU.Build.0 = Debug|Any CPU
		{6C609B15-BF0F-456A-B846-C11285A68017}.Release|Any CPU.ActiveCfg = Release|Any CPU
		{6C609B15-BF0F-456A-B846-C11285A68017}.Release|Any CPU.Build.0 = Release|Any CPU
		{0B8491E1-F126-4229-AD95-0CB492330104}.Debug|Any CPU.ActiveCfg = Debug|Any CPU
		{0B8491E1-F126-4229-AD95-0CB492330104}.Debug|Any CPU.Build.0 = Debug|Any CPU
		{0B8491E1-F126-4229-AD95-0CB492330104}.Release|Any CPU.ActiveCfg = Release|Any CPU
		{0B8491E1-F126-4229-AD95-0CB492330104}.Release|Any CPU.Build.0 = Release|Any CPU
		{AC79E21E-A16A-4DA2-A1BF-35527B035CAC}.Debug|Any CPU.ActiveCfg = Debug|Any CPU
		{AC79E21E-A16A-4DA2-A1BF-35527B035CAC}.Debug|Any CPU.Build.0 = Debug|Any CPU
		{AC79E21E-A16A-4DA2-A1BF-35527B035CAC}.Release|Any CPU.ActiveCfg = Release|Any CPU
		{AC79E21E-A16A-4DA2-A1BF-35527B035CAC}.Release|Any CPU.Build.0 = Release|Any CPU
		{102B4F32-F25C-48BC-8658-75EFA049C733}.Debug|Any CPU.ActiveCfg = Debug|Any CPU
		{102B4F32-F25C-48BC-8658-75EFA049C733}.Debug|Any CPU.Build.0 = Debug|Any CPU
		{102B4F32-F25C-48BC-8658-75EFA049C733}.Release|Any CPU.ActiveCfg = Release|Any CPU
		{102B4F32-F25C-48BC-8658-75EFA049C733}.Release|Any CPU.Build.0 = Release|Any CPU
		{A1C74A6C-F917-4B4F-9566-6B99AAF0F297}.Debug|Any CPU.ActiveCfg = Debug|Any CPU
		{A1C74A6C-F917-4B4F-9566-6B99AAF0F297}.Debug|Any CPU.Build.0 = Debug|Any CPU
		{A1C74A6C-F917-4B4F-9566-6B99AAF0F297}.Release|Any CPU.ActiveCfg = Release|Any CPU
		{A1C74A6C-F917-4B4F-9566-6B99AAF0F297}.Release|Any CPU.Build.0 = Release|Any CPU
		{15B088F1-A506-44FE-AFAB-39CA9823CB80}.Debug|Any CPU.ActiveCfg = Debug|Any CPU
		{15B088F1-A506-44FE-AFAB-39CA9823CB80}.Debug|Any CPU.Build.0 = Debug|Any CPU
		{15B088F1-A506-44FE-AFAB-39CA9823CB80}.Release|Any CPU.ActiveCfg = Release|Any CPU
		{15B088F1-A506-44FE-AFAB-39CA9823CB80}.Release|Any CPU.Build.0 = Release|Any CPU
	EndGlobalSection
	GlobalSection(SolutionProperties) = preSolution
		HideSolutionNode = FALSE
	EndGlobalSection
	GlobalSection(NestedProjects) = preSolution
		{6EE17BF8-3E48-4B89-8742-857F72D9FE49} = {F0246C6D-B5DE-4681-9F98-AA8737F7E3AB}
		{D74A9DF1-62FD-4901-A318-3EABEDDCCCD2} = {F0246C6D-B5DE-4681-9F98-AA8737F7E3AB}
		{02364553-0552-4D90-B84E-BDC948A3957E} = {44DDA45D-0712-4E34-926E-828ABA3A8CE4}
		{3DA26C00-E582-4CF3-A752-4397AD52398B} = {44DDA45D-0712-4E34-926E-828ABA3A8CE4}
		{E995917C-E412-4A66-952D-B3EF1BC6F928} = {44DDA45D-0712-4E34-926E-828ABA3A8CE4}
		{A8F6D13B-6D12-46BB-A336-1F54FA64F4A1} = {5BB0B62D-694B-4BF8-9D61-5A2B6E3C8CDE}
		{A34137B8-2428-4475-B412-ADDF1827863A} = {5BB0B62D-694B-4BF8-9D61-5A2B6E3C8CDE}
		{EDE374C3-2600-460C-B852-8AA3956988BB} = {5BB0B62D-694B-4BF8-9D61-5A2B6E3C8CDE}
		{6F0591A9-B218-49BB-B666-CE6D1FA8F990} = {5BB0B62D-694B-4BF8-9D61-5A2B6E3C8CDE}
		{0AB03E79-7A47-44EF-92A3-AD720151A225} = {DD9B55CB-14B1-4BE8-956C-03B9795C1BC3}
		{5EB0BAB3-986B-421F-B60F-FAD4177BA378} = {0603E67D-9487-488C-AE85-B5B6B98DBF14}
		{855A1FA3-A528-4F21-BD75-09BEBACBA445} = {0603E67D-9487-488C-AE85-B5B6B98DBF14}
		{E9386BC9-B03C-417F-8929-C64F3787D0EF} = {0603E67D-9487-488C-AE85-B5B6B98DBF14}
		{6477C33E-EB78-455E-8FAB-5C02BDEE0D88} = {0603E67D-9487-488C-AE85-B5B6B98DBF14}
		{4B507988-1D19-4FF2-B957-7B680878383D} = {0603E67D-9487-488C-AE85-B5B6B98DBF14}
		{8F6E8A65-8EEE-44DB-A8CA-674F75C35B6C} = {0603E67D-9487-488C-AE85-B5B6B98DBF14}
		{AFFE596C-7AD1-4C30-A878-66BC85575417} = {DD9B55CB-14B1-4BE8-956C-03B9795C1BC3}
		{3158E63D-CB69-4237-B63C-C57F0FBF32AE} = {C540F9EE-9702-40AC-8374-3F22EC644255}
		{787B6F68-53EA-432A-8775-C60458BFA69C} = {C540F9EE-9702-40AC-8374-3F22EC644255}
		{81BA6D68-C1CB-4669-84C8-7892BE640C4B} = {C540F9EE-9702-40AC-8374-3F22EC644255}
		{43E38734-2069-4A7D-AB06-08A48BC517D8} = {C540F9EE-9702-40AC-8374-3F22EC644255}
		{955593D3-A3E3-4081-866E-E1020B48886D} = {C540F9EE-9702-40AC-8374-3F22EC644255}
		{6C609B15-BF0F-456A-B846-C11285A68017} = {C540F9EE-9702-40AC-8374-3F22EC644255}
		{0B8491E1-F126-4229-AD95-0CB492330104} = {DD9B55CB-14B1-4BE8-956C-03B9795C1BC3}
		{AC79E21E-A16A-4DA2-A1BF-35527B035CAC} = {0603E67D-9487-488C-AE85-B5B6B98DBF14}
		{102B4F32-F25C-48BC-8658-75EFA049C733} = {C540F9EE-9702-40AC-8374-3F22EC644255}
		{A1C74A6C-F917-4B4F-9566-6B99AAF0F297} = {C540F9EE-9702-40AC-8374-3F22EC644255}
		{15B088F1-A506-44FE-AFAB-39CA9823CB80} = {C540F9EE-9702-40AC-8374-3F22EC644255}
	EndGlobalSection
	GlobalSection(ExtensibilityGlobals) = postSolution
		SolutionGuid = {F7AEE2ED-6735-41F5-B496-4B77336AA777}
	EndGlobalSection
EndGlobal
